
Microsoft Visual Studio Solution File, Format Version 12.00
# Visual Studio Version 17
VisualStudioVersion = 17.4.33213.308
MinimumVisualStudioVersion = 10.0.40219.1
Project("{FAE04EC0-301F-11D3-BF4B-00C04F79EFBC}") = "CanvasApplication", "CanvasApplication\CanvasApplication.csproj", "{F319BF8D-EF08-4DBB-B9B5-D48FEBE92213}"
EndProject
Project("{FAE04EC0-301F-11D3-BF4B-00C04F79EFBC}") = "Class.Library", "Class.Library\Class.Library.csproj", "{B7CB59CB-4A0F-4062-8966-CCB8E78D4612}"
EndProject
Global
	GlobalSection(SolutionConfigurationPlatforms) = preSolution
		Debug|Any CPU = Debug|Any CPU
		Release|Any CPU = Release|Any CPU
	EndGlobalSection
	GlobalSection(ProjectConfigurationPlatforms) = postSolution
		{F319BF8D-EF08-4DBB-B9B5-D48FEBE92213}.Debug|Any CPU.ActiveCfg = Debug|Any CPU
		{F319BF8D-EF08-4DBB-B9B5-D48FEBE92213}.Debug|Any CPU.Build.0 = Debug|Any CPU
		{F319BF8D-EF08-4DBB-B9B5-D48FEBE92213}.Release|Any CPU.ActiveCfg = Release|Any CPU
		{F319BF8D-EF08-4DBB-B9B5-D48FEBE92213}.Release|Any CPU.Build.0 = Release|Any CPU
		{B7CB59CB-4A0F-4062-8966-CCB8E78D4612}.Debug|Any CPU.ActiveCfg = Debug|Any CPU
		{B7CB59CB-4A0F-4062-8966-CCB8E78D4612}.Debug|Any CPU.Build.0 = Debug|Any CPU
		{B7CB59CB-4A0F-4062-8966-CCB8E78D4612}.Release|Any CPU.ActiveCfg = Release|Any CPU
		{B7CB59CB-4A0F-4062-8966-CCB8E78D4612}.Release|Any CPU.Build.0 = Release|Any CPU
	EndGlobalSection
	GlobalSection(SolutionProperties) = preSolution
		HideSolutionNode = FALSE
	EndGlobalSection
	GlobalSection(ExtensibilityGlobals) = postSolution
		SolutionGuid = {9E2DE415-CA13-43AB-9FCF-FD2A5B1513CB}
	EndGlobalSection
EndGlobal
